{
  "name": "CircitWebAuth",
  "lockfileVersion": 3,
  "requires": true,
  "packages": {
    "": {
      "dependencies": {
        "@types/facebook-js-sdk": "^3.3.10"
      }
    },
    "node_modules/@types/facebook-js-sdk": {
      "version": "3.3.10",
      "resolved": "https://registry.npmjs.org/@types/facebook-js-sdk/-/facebook-js-sdk-3.3.10.tgz",
      "integrity": "sha512-85YWoOkYD1N8yCKRjxcjaroK73UnE3pIEG6zPRIPrb8D4HFceqNp60EQ7SZlu7vHpWGD+yCRumBH606vRUuMLw=="
    }
  }
}
